
Microsoft Visual Studio Solution File, Format Version 12.00
# Visual Studio Version 16
VisualStudioVersion = 16.0.30717.126
MinimumVisualStudioVersion = 10.0.40219.1
Project("{9A19103F-16F7-4668-BE54-9A1E7A4F7556}") = "RoverTech.Logic", "RoverTech.Logic\RoverTech.Logic.csproj", "{23A6ABD6-1D96-44F9-A3A9-FFCCF16F36DF}"
EndProject
Project("{9A19103F-16F7-4668-BE54-9A1E7A4F7556}") = "RoverTech.Tests", "RoverTech.Tests\RoverTech.Tests.csproj", "{8BEC2150-831B-4860-B9A2-39539228C56A}"
EndProject
Project("{FAE04EC0-301F-11D3-BF4B-00C04F79EFBC}") = "RoverTech.ConsoleApp", "RoverTech.ConsoleApp\RoverTech.ConsoleApp.csproj", "{141D114A-C39F-4552-9CEB-229BF44E20ED}"
EndProject
Global
	GlobalSection(SolutionConfigurationPlatforms) = preSolution
		Debug|Any CPU = Debug|Any CPU
		Release|Any CPU = Release|Any CPU
	EndGlobalSection
	GlobalSection(ProjectConfigurationPlatforms) = postSolution
		{23A6ABD6-1D96-44F9-A3A9-FFCCF16F36DF}.Debug|Any CPU.ActiveCfg = Debug|Any CPU
		{23A6ABD6-1D96-44F9-A3A9-FFCCF16F36DF}.Debug|Any CPU.Build.0 = Debug|Any CPU
		{23A6ABD6-1D96-44F9-A3A9-FFCCF16F36DF}.Release|Any CPU.ActiveCfg = Release|Any CPU
		{23A6ABD6-1D96-44F9-A3A9-FFCCF16F36DF}.Release|Any CPU.Build.0 = Release|Any CPU
		{8BEC2150-831B-4860-B9A2-39539228C56A}.Debug|Any CPU.ActiveCfg = Debug|Any CPU
		{8BEC2150-831B-4860-B9A2-39539228C56A}.Debug|Any CPU.Build.0 = Debug|Any CPU
		{8BEC2150-831B-4860-B9A2-39539228C56A}.Release|Any CPU.ActiveCfg = Release|Any CPU
		{8BEC2150-831B-4860-B9A2-39539228C56A}.Release|Any CPU.Build.0 = Release|Any CPU
		{141D114A-C39F-4552-9CEB-229BF44E20ED}.Debug|Any CPU.ActiveCfg = Debug|Any CPU
		{141D114A-C39F-4552-9CEB-229BF44E20ED}.Debug|Any CPU.Build.0 = Debug|Any CPU
		{141D114A-C39F-4552-9CEB-229BF44E20ED}.Release|Any CPU.ActiveCfg = Release|Any CPU
		{141D114A-C39F-4552-9CEB-229BF44E20ED}.Release|Any CPU.Build.0 = Release|Any CPU
	EndGlobalSection
	GlobalSection(SolutionProperties) = preSolution
		HideSolutionNode = FALSE
	EndGlobalSection
	GlobalSection(ExtensibilityGlobals) = postSolution
		SolutionGuid = {1949F1D7-0654-4909-AB85-081F89D9978C}
	EndGlobalSection
EndGlobal
